
Microsoft Visual Studio Solution File, Format Version 12.00
# Visual Studio Version 16
VisualStudioVersion = 25.0.1700.5
MinimumVisualStudioVersion = 10.0.40219.1
Project("{FAE04EC0-301F-11D3-BF4B-00C04F79EFBC}") = "AzureAngularApp", "AzureAngularApp\AzureAngularApp.csproj", "{3989B902-9FAB-4867-AF6B-9E018B10C367}"
EndProject
Global
	GlobalSection(SolutionConfigurationPlatforms) = preSolution
		Debug|Any CPU = Debug|Any CPU
		Release|Any CPU = Release|Any CPU
	EndGlobalSection
	GlobalSection(ProjectConfigurationPlatforms) = postSolution
		{3989B902-9FAB-4867-AF6B-9E018B10C367}.Debug|Any CPU.ActiveCfg = Debug|Any CPU
		{3989B902-9FAB-4867-AF6B-9E018B10C367}.Debug|Any CPU.Build.0 = Debug|Any CPU
		{3989B902-9FAB-4867-AF6B-9E018B10C367}.Release|Any CPU.ActiveCfg = Release|Any CPU
		{3989B902-9FAB-4867-AF6B-9E018B10C367}.Release|Any CPU.Build.0 = Release|Any CPU
	EndGlobalSection
	GlobalSection(SolutionProperties) = preSolution
		HideSolutionNode = FALSE
	EndGlobalSection
	GlobalSection(ExtensibilityGlobals) = postSolution
		SolutionGuid = {C401BC14-546D-4567-8BB8-508A8CC6B66C}
	EndGlobalSection
EndGlobal
